
Microsoft Visual Studio Solution File, Format Version 12.00
# Visual Studio Version 16
VisualStudioVersion = 16.0.30517.126
MinimumVisualStudioVersion = 10.0.40219.1
Project("{FAE04EC0-301F-11D3-BF4B-00C04F79EFBC}") = "OOPPET", "OOPPET\OOPPET.csproj", "{CAD146C2-6C31-49C9-9946-CB24FEA5B3D2}"
EndProject
Project("{FAE04EC0-301F-11D3-BF4B-00C04F79EFBC}") = "OOPCar", "OOPCar\OOPCar.csproj", "{82AC2923-64B1-464A-8C38-A551C7016D45}"
EndProject
Global
	GlobalSection(SolutionConfigurationPlatforms) = preSolution
		Debug|Any CPU = Debug|Any CPU
		Release|Any CPU = Release|Any CPU
	EndGlobalSection
	GlobalSection(ProjectConfigurationPlatforms) = postSolution
		{CAD146C2-6C31-49C9-9946-CB24FEA5B3D2}.Debug|Any CPU.ActiveCfg = Debug|Any CPU
		{CAD146C2-6C31-49C9-9946-CB24FEA5B3D2}.Debug|Any CPU.Build.0 = Debug|Any CPU
		{CAD146C2-6C31-49C9-9946-CB24FEA5B3D2}.Release|Any CPU.ActiveCfg = Release|Any CPU
		{CAD146C2-6C31-49C9-9946-CB24FEA5B3D2}.Release|Any CPU.Build.0 = Release|Any CPU
		{82AC2923-64B1-464A-8C38-A551C7016D45}.Debug|Any CPU.ActiveCfg = Debug|Any CPU
		{82AC2923-64B1-464A-8C38-A551C7016D45}.Debug|Any CPU.Build.0 = Debug|Any CPU
		{82AC2923-64B1-464A-8C38-A551C7016D45}.Release|Any CPU.ActiveCfg = Release|Any CPU
		{82AC2923-64B1-464A-8C38-A551C7016D45}.Release|Any CPU.Build.0 = Release|Any CPU
	EndGlobalSection
	GlobalSection(SolutionProperties) = preSolution
		HideSolutionNode = FALSE
	EndGlobalSection
	GlobalSection(ExtensibilityGlobals) = postSolution
		SolutionGuid = {A0DB5656-12BE-4F60-A339-2A308C03269F}
	EndGlobalSection
EndGlobal
